
Microsoft Visual Studio Solution File, Format Version 12.00
# Visual Studio 15
VisualStudioVersion = 15.0.28010.2046
MinimumVisualStudioVersion = 10.0.40219.1
Project("{FAE04EC0-301F-11D3-BF4B-00C04F79EFBC}") = "XMLOperation", "XMLOperation\XMLOperation.csproj", "{F1A6629D-93FF-458E-9DD8-16D1F9144E31}"
EndProject
Global
	GlobalSection(SolutionConfigurationPlatforms) = preSolution
		Debug|Any CPU = Debug|Any CPU
		Release|Any CPU = Release|Any CPU
	EndGlobalSection
	GlobalSection(ProjectConfigurationPlatforms) = postSolution
		{F1A6629D-93FF-458E-9DD8-16D1F9144E31}.Debug|Any CPU.ActiveCfg = Debug|Any CPU
		{F1A6629D-93FF-458E-9DD8-16D1F9144E31}.Debug|Any CPU.Build.0 = Debug|Any CPU
		{F1A6629D-93FF-458E-9DD8-16D1F9144E31}.Release|Any CPU.ActiveCfg = Release|Any CPU
		{F1A6629D-93FF-458E-9DD8-16D1F9144E31}.Release|Any CPU.Build.0 = Release|Any CPU
	EndGlobalSection
	GlobalSection(SolutionProperties) = preSolution
		HideSolutionNode = FALSE
	EndGlobalSection
	GlobalSection(ExtensibilityGlobals) = postSolution
		SolutionGuid = {AC5E21DF-E215-4C9F-9E2E-7C4B5B5BDD67}
	EndGlobalSection
EndGlobal
